# packages.lock — generated from packages.yaml and packages.meta.yaml
# Regenerate with: ./scripts/generate-package-lock.sh

generated_from:
  packages: 11df34c4a43a395e0c55835be6da91bea9cf25eeb71395388117248dee33137a
  metadata: bf172e46dd933171f37f56bb14fb7e5ce35ddffef9062478bce7b756477353bd

tools:
  - section: bootstrap
    name: chezmoi
    version: 2.71.0
    source: apt_or_github
    owner: bootstrap
    repo: twpayne/chezmoi
    integrity: upstream-checksum
  - section: core
    name: fzf
    version: 0.74.0
    source: external
    owner: chezmoi-external
    repo: junegunn/fzf
    integrity: pinned-sha256
  - section: core
    name: fd
    version: 10.4.2
    source: apt
    owner: apt
    package: fd-find
    binary: fdfind
    integrity: apt-signature
  - section: core
    name: ripgrep
    version: 15.1.0
    source: apt
    owner: apt
    package: ripgrep
    binary: rg
    integrity: apt-signature
  - section: core
    name: bat
    version: 0.26.1
    source: apt
    owner: apt
    package: bat
    binary: batcat
    integrity: apt-signature
  - section: core
    name: eza
    version: 0.23.4
    source: github
    owner: dotfiles-binary
    repo: eza-community/eza
    binary: eza
    sha256_amd64: 0c38665440226cd8bef5d1d4f3bc6ff77c927fb0d68b752739105db7ab5b358d
    sha256_arm64: 366e8430225f9955c3dc659b452150c169894833ccfef455e01765e265a3edda
    integrity: pinned-sha256
  - section: core
    name: lazygit
    version: 0.63.0
    source: github
    owner: dotfiles-binary
    repo: jesseduffield/lazygit
    binary: lazygit
    asset_template: "lazygit_{version}_linux_{arch}.tar.gz"
    checksum_template: "https://github.com/jesseduffield/lazygit/releases/download/{tag}/checksums.txt"
    integrity: upstream-checksum
  - section: core
    name: btop
    version: 1.4.7
    source: apt
    owner: apt
    package: btop
    integrity: apt-signature
  - section: core
    name: starship
    version: 1.26.0
    source: github
    owner: dotfiles-binary
    repo: starship/starship
    binary: starship
    integrity: upstream-checksum
  - section: core
    name: jq
    version: distro
    source: apt
    owner: apt
    package: jq
    integrity: apt-signature
  - section: core
    name: yq
    version: distro
    source: apt
    owner: apt
    package: yq
    integrity: apt-signature
  - section: core
    name: htop
    version: distro
    source: apt
    owner: apt
    package: htop
    integrity: apt-signature
  - section: core
    name: zoxide
    version: distro
    source: apt
    owner: apt
    package: zoxide
    integrity: apt-signature
  - section: core
    name: direnv
    version: distro
    source: apt
    owner: apt
    package: direnv
    integrity: apt-signature
  - section: core
    name: git-delta
    version: distro
    source: apt
    owner: apt
    package: git-delta
    binary: delta
    integrity: apt-signature
  - section: core
    name: hyperfine
    version: distro
    source: apt
    owner: apt
    package: hyperfine
    integrity: apt-signature
  - section: core
    name: duf
    version: distro
    source: apt
    owner: apt
    package: duf
    integrity: apt-signature
  - section: core
    name: sops
    version: 3.13.2
    source: github
    owner: dotfiles-binary
    repo: getsops/sops
    binary: sops
    integrity: upstream-checksum
  - section: core
    name: lazydocker
    version: 0.25.2
    source: github
    owner: dotfiles-binary
    repo: jesseduffield/lazydocker
    binary: lazydocker
    integrity: upstream-checksum
  - section: core
    name: tealdeer
    version: 1.8.1
    source: github
    owner: dotfiles-binary
    repo: dbrgn/tealdeer
    binary: tldr
    integrity: upstream-checksum
  - section: languages
    name: go
    version: 1.26.5
    source: direct
    owner: dotfiles-runtime
    checksum_template: "https://go.dev/dl/?mode=json&include=all"
    integrity: upstream-checksum
  - section: languages
    name: rust
    version: stable
    source: rustup
    owner: rustup
    integrity: upstream-checksum
  - section: languages
    name: cargo
    version: stable
    source: rustup
    owner: rustup
    integrity: rustup
  - section: languages
    name: node_lts
    version: 24.18.0
    source: node-dist
    owner: dotfiles-runtime
    integrity: upstream-checksum
  - section: languages
    name: typescript
    version: 7.0.2
    source: npm
    owner: npm
    package: typescript
    binary: tsc
    integrity: npm-registry
  - section: languages
    name: python
    version: 3.14.6
    source: uv
    owner: uv
    integrity: uv-managed
  - section: languages
    name: java
    version: 21
    source: apt
    owner: apt
    integrity: apt-signature
  - section: languages
    name: uv
    version: 0.11.28
    source: github
    owner: dotfiles-binary
    repo: astral-sh/uv
    binary: uv
    integrity: upstream-checksum
  - section: history
    name: atuin
    version: 18.17.0
    source: github
    owner: dotfiles-binary
    repo: atuinsh/atuin
    binary: atuin
    integrity: upstream-checksum
  - section: editor
    name: neovim
    version: 0.12.4
    source: github
    owner: dotfiles-runtime
    repo: neovim/neovim
    binary: nvim
    sha256_amd64: 012bf3fcac5ade43914df3f174668bf64d05e049a4f032a388c027b1ebd78628
    sha256_arm64: ceb7e88c6b681f0515d135dcdfad54f5eb4373b25ce6172197cd9a69c758063f
    integrity: pinned-sha256
  - section: cloud
    name: docker
    version: distro
    source: apt_repo
    owner: apt
    integrity: apt-signature
  - section: cloud
    name: kubectl
    version: 1.36.2
    source: direct
    owner: dotfiles-binary
    binary: kubectl
    integrity: upstream-checksum
  - section: cloud
    name: helm
    version: 4.2.3
    source: github
    owner: dotfiles-binary
    repo: helm/helm
    binary: helm
    integrity: upstream-checksum
  - section: cloud
    name: terraform
    version: 1.15.8
    source: direct
    owner: dotfiles-binary
    binary: terraform
    integrity: upstream-checksum
  - section: cloud
    name: ansible
    version: distro
    source: apt
    owner: apt
    package: ansible
    integrity: apt-signature
  - section: cloud
    name: k9s
    version: 0.51.0
    source: github
    owner: dotfiles-binary
    repo: derailed/k9s
    binary: k9s
    integrity: upstream-checksum
  - section: cloud
    name: aws_cli
    version: 2.34.54
    source: direct
    owner: vendor-installer
    binary: aws
    sha256_amd64: de278754dec97e0f6e9b4e8167d4bd1a27004c3e56e9c2da10002597f76ca35a
    sha256_arm64: f381be152a868ccfdd0cb7cb235916b1dd8024e388bdeef0c385fb33af131a60
    integrity: pinned-sha256
  - section: cloud
    name: gcloud
    version: distro
    source: apt_repo
    owner: apt
    integrity: apt-signature
  - section: cloud
    name: azure_cli
    version: distro
    source: apt_repo
    owner: apt
    integrity: apt-signature
  - section: terminal
    name: kitty
    version: distro
    source: apt
    owner: apt
    package: kitty
    integrity: apt-signature
  - section: terminal
    name: tmux
    version: distro
    source: apt
    owner: apt
    package: tmux
    integrity: apt-signature
  - section: terminal
    name: tmuxp
    version: 1.74.0
    source: uvx
    owner: ephemeral
    package: tmuxp
    binary: tmuxp
    integrity: pypi
  - section: terminal
    name: herdr
    version: 0.7.4
    source: github
    owner: dotfiles-binary
    repo: ogulcancelik/herdr
    binary: herdr
    asset_template: "herdr-linux-{release_arch}"
    sha256_amd64: bc0fc02d4ba500f9cac2353a43e67fe036785ecca6eb55378e050fac3c103059
    sha256_arm64: 544e0002de42806d1ab64ccdef3a7e7414f24717b0b6b022bc9e57d2eefd26a2
    integrity: pinned-sha256
  - section: system
    name: git_credential_manager
    version: 2.8.0
    source: github
    owner: dpkg
    repo: git-ecosystem/git-credential-manager
    binary: git-credential-manager
    sha256_amd64: c7bbf9785c3e8166ceedb66a7e0bfb40e6655ef504af5ca7977b516c5497aff6
    sha256_arm64: e5bbc12c31e97a7409585ef60aa5d53138c7661d9a3abc9227d9b0f68959e836
    integrity: pinned-sha256
  - section: fonts
    name: nerd_font
    version: FiraMono
    source: github
    owner: dotfiles-assets
    repo: ryanoasis/nerd-fonts
    integrity: upstream-checksum
  - section: fonts
    name: nerd_font_version
    version: 3.4.0
    source: github
    owner: dotfiles-assets
    repo: ryanoasis/nerd-fonts
    integrity: upstream-checksum
  - section: ai_tools
    name: claude_cli
    version: 2.1.206
    source: npm
    owner: npm
    package: "@anthropic-ai/claude-code"
    binary: claude
    integrity: npm-registry
  - section: ai_tools
    name: codex_cli
    version: standalone
    source: install_script
    owner: vendor-installer
    binary: codex
    url: "https://chatgpt.com/codex/install.sh"
    sha256: 1154e9daf713aacd1534efca8042bfd6665ad24bc1d1dfd86b8f439fe60a7a5d
    integrity: pinned-sha256
  - section: ai_tools
    name: gemini_cli
    version: 0.50.0
    source: npm
    owner: npm
    package: "@google/gemini-cli"
    binary: gemini
    integrity: npm-registry
  - section: ai_tools
    name: antigravity_cli
    version: manual
    source: manual
    owner: user
    binary: antigravity
    integrity: manual
  - section: ai_tools
    name: opencode
    version: 1.17.18
    source: npm
    owner: npm
    package: opencode-ai
    binary: opencode
    integrity: npm-registry
  - section: ai_tools
    name: omp
    version: 16.4.0
    source: github
    owner: dotfiles-binary
    repo: can1357/oh-my-pi
    binary: omp
    asset_template: "omp-linux-{release_arch}"
    sha256_amd64: c7a2fa328c965131c0d0ef62a07a4fe63306ed1b7a90fbbb924c75605c68d38a
    sha256_arm64: 6bb8d76fa25ebea08b2ce87a79387c1dd0bcbff5564ef5bc79f2595a870a3a68
    integrity: pinned-sha256
  - section: media
    name: yt_dlp
    version: 2026.07.04
    source: uv
    owner: uv
    package: yt-dlp
    binary: yt-dlp
    integrity: pypi
  - section: media
    name: rmpc
    version: 0.11.0
    source: github
    owner: dotfiles-binary
    repo: mierak/rmpc
    binary: rmpc
    sha256_amd64: b03d4b777cf0afe61107abb4ee847b7c6539b8f5c76555fd759cd15a6c1ff604
    sha256_arm64: 12d9bb3bcabfe90c0573afac9b11e20333262872966a8769967611b578ff7328
    integrity: pinned-sha256
  - section: media
    name: cava
    version: distro
    source: apt
    owner: apt
    package: cava
    integrity: apt-signature
