# packages.lock — generated from packages.yaml and packages.meta.yaml
# Regenerate with: ./scripts/generate-package-lock.sh

generated_from:
  packages: ebf48677ca10559c4712d3a9f903306a2322f7d30cd86ddb9b202e4057d8530a
  metadata: 859e34f0ed4ebd31fc1cf73c1f5a79a02af321cd5d924ed731712b563c3bfde4

tools:
  - section: bootstrap
    name: chezmoi
    version: 2.72.1
    source: apt_or_github
    owner: bootstrap
    repo: twpayne/chezmoi
    integrity: upstream-checksum
  - section: core
    name: fzf
    version: 0.74.3
    source: external
    owner: chezmoi-external
    repo: junegunn/fzf
    integrity: pinned-sha256
  - section: core
    name: fd
    version: 10.4.2
    source: apt
    owner: apt
    package: fd-find
    binary: fdfind
    integrity: apt-signature
  - section: core
    name: ripgrep
    version: 15.1.0
    source: apt
    owner: apt
    package: ripgrep
    binary: rg
    integrity: apt-signature
  - section: core
    name: bat
    version: 0.26.1
    source: apt
    owner: apt
    package: bat
    binary: batcat
    integrity: apt-signature
  - section: core
    name: eza
    version: 0.23.5
    source: github
    owner: dotfiles-binary
    repo: eza-community/eza
    binary: eza
    sha256_amd64: 35c70c5c43c29108075e58b893234c67ef585f0b53a7eaf8e9e7d4eec9f339b4
    sha256_arm64: 40b87ae8628aa2ff0f0d2dc24ab52f689631366385c3da630bae745671fd71ec
    integrity: pinned-sha256
  - section: core
    name: lazygit
    version: 0.64.1
    source: github
    owner: dotfiles-binary
    repo: jesseduffield/lazygit
    binary: lazygit
    asset_template: "lazygit_{version}_linux_{arch}.tar.gz"
    checksum_template: "https://github.com/jesseduffield/lazygit/releases/download/{tag}/checksums.txt"
    integrity: upstream-checksum
  - section: core
    name: btop
    version: 1.4.7
    source: apt
    owner: apt
    package: btop
    integrity: apt-signature
  - section: core
    name: starship
    version: 1.26.0
    source: github
    owner: dotfiles-binary
    repo: starship/starship
    binary: starship
    integrity: upstream-checksum
  - section: core
    name: github_cli
    version: 2.98.0
    source: github
    owner: dotfiles-binary
    repo: cli/cli
    binary: gh
    sha256_amd64: 3b8ac6b30336802fc1a858d7c084e11cdf24ac1a761ca90b68022d7d729208de
    sha256_arm64: cf689084f3a3618f7eae4a2420d335d74626d65f5e594b9828d125d69f800d86
    integrity: pinned-sha256
  - section: core
    name: jq
    version: distro
    source: apt
    owner: apt
    package: jq
    integrity: apt-signature
  - section: core
    name: gojq
    version: distro
    source: apt
    owner: apt
    package: gojq
    binary: gojq
    integrity: apt-signature
  - section: core
    name: yq
    version: distro
    source: apt
    owner: apt
    package: yq
    integrity: apt-signature
  - section: core
    name: pigz
    version: distro
    source: apt
    owner: apt
    package: pigz
    binary: pigz
    integrity: apt-signature
  - section: core
    name: zstd
    version: distro
    source: apt
    owner: apt
    package: zstd
    binary: zstd
    integrity: apt-signature
  - section: core
    name: htop
    version: distro
    source: apt
    owner: apt
    package: htop
    integrity: apt-signature
  - section: core
    name: zoxide
    version: distro
    source: apt
    owner: apt
    package: zoxide
    integrity: apt-signature
  - section: core
    name: direnv
    version: distro
    source: apt
    owner: apt
    package: direnv
    integrity: apt-signature
  - section: core
    name: git-delta
    version: distro
    source: apt
    owner: apt
    package: git-delta
    binary: delta
    integrity: apt-signature
  - section: core
    name: hyperfine
    version: distro
    source: apt
    owner: apt
    package: hyperfine
    integrity: apt-signature
  - section: core
    name: duf
    version: distro
    source: apt
    owner: apt
    package: duf
    integrity: apt-signature
  - section: core
    name: sops
    version: 3.13.3
    source: github
    owner: dotfiles-binary
    repo: getsops/sops
    binary: sops
    integrity: upstream-checksum
  - section: core
    name: lazydocker
    version: 0.25.2
    source: github
    owner: dotfiles-binary
    repo: jesseduffield/lazydocker
    binary: lazydocker
    integrity: upstream-checksum
  - section: core
    name: tealdeer
    version: 1.9.0
    source: github
    owner: dotfiles-binary
    repo: dbrgn/tealdeer
    binary: tldr
    integrity: upstream-checksum
  - section: core
    name: curlie
    version: 1.8.2
    source: github
    owner: dotfiles-binary
    repo: rs/curlie
    binary: curlie
    integrity: upstream-checksum
  - section: core
    name: trippy
    version: 0.13.0
    source: github
    owner: dotfiles-binary
    repo: fujiapple852/trippy
    binary: trip
    sha256_amd64: aa2b7b2a0773f3cc04da691100419049950b690fe3736d25e24ac955b63d6056
    sha256_arm64: 73af939aa94e9e0f07cac2b3c8177e02a6b1c3be88299d85988e02be81ae7004
    integrity: pinned-sha256
  - section: core
    name: ast_grep
    version: 0.45.3
    source: github
    owner: dotfiles-binary
    repo: ast-grep/ast-grep
    binary: ast-grep
    sha256_amd64: f8ac830881339d1edee6b2652f54798c0f4da5a827f2db38a08ee31117783ce8
    sha256_arm64: b39cfbc58da4b869a88b8a4bc57bd5deb0d24541e704cf7c257da7b53ec81c8f
    integrity: pinned-sha256
  - section: core
    name: gitleaks
    version: 8.30.1
    source: github
    owner: dotfiles-binary
    repo: gitleaks/gitleaks
    binary: gitleaks
    sha256_amd64: 551f6fc83ea457d62a0d98237cbad105af8d557003051f41f3e7ca7b3f2470eb
    sha256_arm64: e4a487ee7ccd7d3a7f7ec08657610aa3606637dab924210b3aee62570fb4b080
    integrity: pinned-sha256
  - section: languages
    name: go
    version: 1.27.0
    source: direct
    owner: dotfiles-runtime
    checksum_template: "https://go.dev/dl/?mode=json&include=all"
    integrity: upstream-checksum
  - section: languages
    name: rust
    version: 1.97.1
    source: rustup
    owner: rustup
    integrity: upstream-checksum
  - section: languages
    name: cargo
    version: 1.97.1
    source: rustup
    owner: rustup
    integrity: rustup
  - section: languages
    name: node
    version: 26.8.1
    source: node-dist
    owner: dotfiles-runtime
    integrity: upstream-checksum
  - section: languages
    name: npm
    version: 12.0.2
    source: npm
    owner: node-runtime
    package: npm
    binary: npm
    integrity: npm-registry
  - section: languages
    name: typescript
    version: 7.0.2
    source: npm
    owner: npm
    package: typescript
    binary: tsc
    integrity: npm-registry
  - section: languages
    name: python
    version: 3.14.7
    source: uv
    owner: uv
    integrity: uv-managed
  - section: languages
    name: java
    version: "25.0.4.1+1"
    source: github
    owner: dotfiles-runtime
    repo: adoptium/temurin25-binaries
    binary: java
    sha256_amd64: dbb698396d478e7fa2b1e50f4103324b2a99b90569ee27c33f2261f9215cf41e
    sha256_arm64: 69df11a02cfa3ef7d7ca645e03edce6778ec090e100f6ae2b42097865730ac52
    integrity: pinned-sha256
  - section: languages
    name: uv
    version: 0.12.8
    source: github
    owner: dotfiles-binary
    repo: astral-sh/uv
    binary: uv
    integrity: upstream-checksum
  - section: history
    name: atuin
    version: 18.21.0
    source: github
    owner: dotfiles-binary
    repo: atuinsh/atuin
    binary: atuin
    integrity: upstream-checksum
  - section: editor
    name: neovim
    version: 0.12.5
    source: github
    owner: dotfiles-runtime
    repo: neovim/neovim
    binary: nvim
    sha256_amd64: bce0f56eda1f1b1db6eee8f4133d7a38813ea07933837dd1777411ca384c6875
    sha256_arm64: 1aa5ca085249580ae0f91eb14f27ec0919773ff2d99a163d03f3d6c21ac29725
    integrity: pinned-sha256
  - section: database
    name: usql
    version: 0.21.4
    source: github
    owner: dotfiles-binary
    repo: xo/usql
    binary: usql
    sha256_amd64: 78bd9b221e223d7a954d41f51e9eca98bdd94b401618367ba0f3887abebd44fc
    sha256_arm64: ccad89d6f4c67a9bf595df0aa8a550e0a9e3d6a6f9356356ba1e164e311335e4
    integrity: pinned-sha256
  - section: database
    name: iredis
    version: 1.16.1
    source: pypi
    owner: uv
    package: iredis
    binary: iredis
    integrity: pypi
  - section: database
    name: pgloader
    version: distro
    source: apt
    owner: apt
    package: pgloader
    binary: pgloader
    integrity: apt-signature
  - section: cloud
    name: docker
    version: distro
    source: apt_repo
    owner: apt
    integrity: apt-signature
  - section: cloud
    name: kubectl
    version: 1.37.0
    source: direct
    owner: dotfiles-binary
    binary: kubectl
    integrity: upstream-checksum
  - section: cloud
    name: helm
    version: 4.2.4
    source: github
    owner: dotfiles-binary
    repo: helm/helm
    binary: helm
    integrity: upstream-checksum
  - section: cloud
    name: terraform
    version: 1.16.0
    source: direct
    owner: dotfiles-binary
    binary: terraform
    integrity: upstream-checksum
  - section: cloud
    name: ansible
    version: distro
    source: apt
    owner: apt
    package: ansible
    integrity: apt-signature
  - section: cloud
    name: k9s
    version: 0.51.0
    source: github
    owner: dotfiles-binary
    repo: derailed/k9s
    binary: k9s
    integrity: upstream-checksum
  - section: cloud
    name: aws_cli
    version: 2.36.36
    source: direct
    owner: vendor-installer
    binary: aws
    sha256_amd64: ac07f6cb7beffd1e8af3b373de5b192062ca6c486596203e6961d01e6de14b0e
    sha256_arm64: c2f5060dca1d279325a84f1501e08a7ed7c69604cdde9f765b54625cb6bfab15
    integrity: pinned-sha256
  - section: cloud
    name: gcloud
    version: distro
    source: apt_repo
    owner: apt
    integrity: apt-signature
  - section: cloud
    name: azure_cli
    version: distro
    source: apt_repo
    owner: apt
    integrity: apt-signature
  - section: cloud
    name: cloudflared
    version: 2026.8.3
    source: github
    owner: vendor-installer
    repo: cloudflare/cloudflared
    binary: cloudflared
    sha256_amd64: 660b348d473bba81997445b534e7eaefaf4c4e16331866922326c338a7013dd9
    sha256_arm64: 2c0d991ed6061e55d2e0148b794d86f594ddb473c1db43cf0647278b62e326ab
    integrity: pinned-sha256
  - section: cloud
    name: s5cmd
    version: 2.3.0
    source: github
    owner: dotfiles-binary
    repo: peak/s5cmd
    binary: s5cmd
    integrity: upstream-checksum
  - section: cloud
    name: kcat
    version: distro
    source: apt
    owner: apt
    package: kcat
    binary: kcat
    integrity: apt-signature
  - section: cloud
    name: stern
    version: 1.34.0
    source: github
    owner: dotfiles-binary
    repo: stern/stern
    binary: stern
    integrity: upstream-checksum
  - section: cloud
    name: helmfile
    version: 1.7.4
    source: github
    owner: dotfiles-binary
    repo: helmfile/helmfile
    binary: helmfile
    integrity: upstream-checksum
  - section: cloud
    name: kubectx
    version: 0.11.0
    source: github
    owner: dotfiles-binary
    repo: ahmetb/kubectx
    binary: kubectx
    integrity: upstream-checksum
  - section: cloud
    name: kubens
    version: 0.11.0
    source: github
    owner: dotfiles-binary
    repo: ahmetb/kubectx
    binary: kubens
    integrity: upstream-checksum
  - section: cloud
    name: kubecolor
    version: 0.7.1
    source: github
    owner: dotfiles-binary
    repo: kubecolor/kubecolor
    binary: kubecolor
    integrity: upstream-checksum
  - section: cloud
    name: radar
    version: 1.12.2
    source: github
    owner: dotfiles-binary
    repo: skyhook-io/radar
    binary: kubectl-radar
    sha256_amd64: 5606aa34ad9c2e13c5100c60fe1765265dbfe9b6af7d0ce6a3f5dad6f85d049c
    sha256_arm64: 6b893a11c933a56e5a24bf199a64039c71f5dbfbfb0684bd9b97507bae2fb946
    integrity: pinned-sha256
  - section: terminal
    name: kitty
    version: 0.48.2
    source: github
    owner: dotfiles-binary
    repo: kovidgoyal/kitty
    binary: kitty
    sha256_amd64: 967a1958e7fc67b495d279c0963bcd1a0482097151817ce6506fabc822689af7
    sha256_arm64: 534b214d407a05e4603da75ef02fffa592ec1bbec20a413c5e0cd3f853c928cb
    integrity: pinned-sha256
  - section: terminal
    name: tmux
    version: distro
    source: apt
    owner: apt
    package: tmux
    integrity: apt-signature
  - section: terminal
    name: tmuxp
    version: 1.74.0
    source: uvx
    owner: ephemeral
    package: tmuxp
    binary: tmuxp
    integrity: pypi
  - section: terminal
    name: herdr
    version: 0.8.2
    source: github
    owner: dotfiles-binary
    repo: ogulcancelik/herdr
    binary: herdr
    asset_template: "herdr-linux-{release_arch}"
    sha256_amd64: 976150a14d490c94b243ea2e1a7eb2dfb67f12e36b182db90936f6728e6aecf4
    sha256_arm64: f55610658e1c2e0d2aaef730b4b2ab885f7f8ba00285ab372bfb14f2e3d5b40d
    integrity: pinned-sha256
  - section: system
    name: git_credential_manager
    version: 2.9.1
    source: github
    owner: dpkg
    repo: git-ecosystem/git-credential-manager
    binary: git-credential-manager
    sha256_amd64: a0c59d2ea873a930fd1c41031a25cb31055d31baaf80c10726847e1c1f7aa951
    sha256_arm64: 8dd4cee6f5820516d1d1982bc8d68ce1c3e221cd2bf0629b10f0f2c059af9543
    integrity: pinned-sha256
  - section: fonts
    name: nerd_font
    version: FiraMono
    source: github
    owner: dotfiles-assets
    repo: ryanoasis/nerd-fonts
    integrity: upstream-checksum
  - section: fonts
    name: nerd_font_version
    version: 3.5.1
    source: github
    owner: dotfiles-assets
    repo: ryanoasis/nerd-fonts
    integrity: upstream-checksum
  - section: ai_tools
    name: claude_cli
    version: 2.1.252
    source: npm
    owner: npm
    package: "@anthropic-ai/claude-code"
    binary: claude
    integrity: npm-registry
  - section: ai_tools
    name: codex_cli
    version: standalone
    source: install_script
    owner: vendor-installer
    binary: codex
    url: "https://chatgpt.com/codex/install.sh"
    sha256: ba92dd27e5c06f0d3bbc58bfa4b9cfb6599cd2742fbb1f92a2765e6c07dedb5a
    integrity: pinned-sha256
  - section: ai_tools
    name: antigravity_cli
    version: standalone
    source: install_script
    owner: vendor-installer
    binary: agy
    url: "https://antigravity.google/cli/install.sh"
    sha256: ee1ea43ce4e9e56356c4ab6dad907ef357ae4bdfcaadb682735909fb57c9c640
    integrity: pinned-sha256
  - section: ai_tools
    name: opencode
    version: 1.18.25
    source: npm
    owner: npm
    package: opencode-ai
    binary: opencode
    integrity: npm-registry
  - section: ai_tools
    name: omp
    version: 18.1.1
    source: github
    owner: dotfiles-binary
    repo: can1357/oh-my-pi
    binary: omp
    asset_template: "omp-linux-{release_arch}"
    sha256_amd64: 04780b41fb33b658ca6e8449353911babc8c90332ac444e7e6562d041d3eae52
    sha256_arm64: a8bf4dcc47dcf3284a0f6c43ffeb94adc0a2f031dcd7f8ab8ed92d0215c89a9d
    integrity: pinned-sha256
  - section: ai_tools
    name: bun
    version: 1.4.0
    source: github
    owner: dotfiles-binary
    repo: oven-sh/bun
    binary: bun
    asset_template: "bun-linux-{release_arch}.zip"
    sha256_amd64: 184fb4595f0d401a217cf7c78c1bc430ba83314dab7a8b94805babbf7fa7097f
    sha256_arm64: 4b1a332ee861983eb93bcfe6f770fff94e3e31b2c388bdaea3c8ed35e58eed0e
    integrity: pinned-sha256
  - section: ai_tools
    name: serena
    version: 1.7.0
    source: uv
    owner: uv
    package: serena-agent
    binary: serena
    integrity: pypi
  - section: ai_tools
    name: context_mode
    version: 1.0.169
    source: npm
    owner: npm
    package: context-mode
    binary: context-mode
    integrity: npm-registry
  - section: ai_tools
    name: graphify
    version: 0.9.53
    source: pypi
    owner: uv
    package: graphifyy
    binary: graphify
    integrity: pypi
  - section: ai_tools
    name: rtk
    version: 0.46.0
    source: github
    owner: dotfiles-binary
    repo: rtk-ai/rtk
    binary: rtk
    sha256_amd64: 79aa5b89c69566bbfeceb66c8a27cfbe52237fc7ee3e683115f43745a3262d21
    sha256_arm64: e8c2e1787f46017ea7c5a711b2bc6a7f7cf61c7ad69385b4c1e4daff1135dcd1
    integrity: pinned-sha256
  - section: ai_tools
    name: ponytail
    version: 4.9.0
    source: github
    owner: agent-skill
    repo: DietrichGebert/ponytail
    sha256: 7f45b3fab0b92ae5ff95c4608acda9f6ee2f0374b0122cba046289167d0cd256
    integrity: pinned-sha256
  - section: ai_tools
    name: pix_optimizer
    version: 1.1.28
    source: npm
    owner: omp-plugin
    package: "@xynogen/pix-optimizer"
    integrity: npm-registry
  - section: media
    name: yt_dlp
    version: 2026.08.19
    source: uv
    owner: uv
    package: yt-dlp
    binary: yt-dlp
    integrity: pypi
  - section: media
    name: rmpc
    version: 0.11.0
    source: github
    owner: dotfiles-binary
    repo: mierak/rmpc
    binary: rmpc
    sha256_amd64: b03d4b777cf0afe61107abb4ee847b7c6539b8f5c76555fd759cd15a6c1ff604
    sha256_arm64: 12d9bb3bcabfe90c0573afac9b11e20333262872966a8769967611b578ff7328
    integrity: pinned-sha256
  - section: media
    name: cava
    version: distro
    source: apt
    owner: apt
    package: cava
    integrity: apt-signature
